
Microsoft Visual Studio Solution File, Format Version 12.00
# Visual Studio Version 17
VisualStudioVersion = 17.1.32210.238
MinimumVisualStudioVersion = 10.0.40219.1
Project("{FAE04EC0-301F-11D3-BF4B-00C04F79EFBC}") = "StripePaymentCheckout", "StripePaymentCheckout.csproj", "{8621415D-7227-4411-80A2-E0BBC64E9D2D}"
EndProject
Global
	GlobalSection(SolutionConfigurationPlatforms) = preSolution
		Debug|Any CPU = Debug|Any CPU
		Release|Any CPU = Release|Any CPU
	EndGlobalSection
	GlobalSection(ProjectConfigurationPlatforms) = postSolution
		{8621415D-7227-4411-80A2-E0BBC64E9D2D}.Debug|Any CPU.ActiveCfg = Debug|Any CPU
		{8621415D-7227-4411-80A2-E0BBC64E9D2D}.Debug|Any CPU.Build.0 = Debug|Any CPU
		{8621415D-7227-4411-80A2-E0BBC64E9D2D}.Release|Any CPU.ActiveCfg = Release|Any CPU
		{8621415D-7227-4411-80A2-E0BBC64E9D2D}.Release|Any CPU.Build.0 = Release|Any CPU
	EndGlobalSection
	GlobalSection(SolutionProperties) = preSolution
		HideSolutionNode = FALSE
	EndGlobalSection
	GlobalSection(ExtensibilityGlobals) = postSolution
		SolutionGuid = {EB1E7E85-44F2-4962-8679-F7B772FB27D9}
	EndGlobalSection
EndGlobal
